
Microsoft Visual Studio Solution File, Format Version 12.00
# Visual Studio 15
VisualStudioVersion = 15.0.28307.572
MinimumVisualStudioVersion = 10.0.40219.1
Project("{FAE04EC0-301F-11D3-BF4B-00C04F79EFBC}") = "WebRoupas", "WebRoupas\WebRoupas.csproj", "{DFBE7A18-13EF-49CC-8BF1-E8DB1FAAD6C3}"
EndProject
Global
	GlobalSection(SolutionConfigurationPlatforms) = preSolution
		Debug|Any CPU = Debug|Any CPU
		Release|Any CPU = Release|Any CPU
	EndGlobalSection
	GlobalSection(ProjectConfigurationPlatforms) = postSolution
		{DFBE7A18-13EF-49CC-8BF1-E8DB1FAAD6C3}.Debug|Any CPU.ActiveCfg = Debug|Any CPU
		{DFBE7A18-13EF-49CC-8BF1-E8DB1FAAD6C3}.Debug|Any CPU.Build.0 = Debug|Any CPU
		{DFBE7A18-13EF-49CC-8BF1-E8DB1FAAD6C3}.Release|Any CPU.ActiveCfg = Release|Any CPU
		{DFBE7A18-13EF-49CC-8BF1-E8DB1FAAD6C3}.Release|Any CPU.Build.0 = Release|Any CPU
	EndGlobalSection
	GlobalSection(SolutionProperties) = preSolution
		HideSolutionNode = FALSE
	EndGlobalSection
	GlobalSection(ExtensibilityGlobals) = postSolution
		SolutionGuid = {977AC70E-27D2-41D8-9B1D-8192FCA93117}
	EndGlobalSection
EndGlobal
